
Microsoft Visual Studio Solution File, Format Version 10.00
# Visual Studio 2008
Project("{8BC9CEB8-8B4A-11D0-8D11-00A0C91BC942}") = "opencv_test_app", "opencv_test_app\opencv_test_app.vcproj", "{4BBC990C-B058-4773-BAF1-A4F0E81BB4B0}"
EndProject
Project("{8BC9CEB8-8B4A-11D0-8D11-00A0C91BC942}") = "HW1", "HW1\HW1.vcproj", "{F949AC01-2509-4AF5-900A-5968977E5B55}"
EndProject
Project("{8BC9CEB8-8B4A-11D0-8D11-00A0C91BC942}") = "cuda_env_test", "cuda_env_test\cuda_env_test.vcproj", "{666689F2-2D01-4EA6-88A7-7E18300C15A1}"
EndProject
Project("{8BC9CEB8-8B4A-11D0-8D11-00A0C91BC942}") = "cuda_udacity", "cuda_udacity\cuda_udacity.vcproj", "{0AB10C8A-6C27-480D-82AD-E555C71E7439}"
EndProject
Global
	GlobalSection(SolutionConfigurationPlatforms) = preSolution
		Debug|Win32 = Debug|Win32
		Debug|x64 = Debug|x64
		release_x64|Win32 = release_x64|Win32
		release_x64|x64 = release_x64|x64
		Release|Win32 = Release|Win32
		Release|x64 = Release|x64
	EndGlobalSection
	GlobalSection(ProjectConfigurationPlatforms) = postSolution
		{4BBC990C-B058-4773-BAF1-A4F0E81BB4B0}.Debug|Win32.ActiveCfg = Debug|Win32
		{4BBC990C-B058-4773-BAF1-A4F0E81BB4B0}.Debug|Win32.Build.0 = Debug|Win32
		{4BBC990C-B058-4773-BAF1-A4F0E81BB4B0}.Debug|x64.ActiveCfg = Debug|x64
		{4BBC990C-B058-4773-BAF1-A4F0E81BB4B0}.Debug|x64.Build.0 = Debug|x64
		{4BBC990C-B058-4773-BAF1-A4F0E81BB4B0}.release_x64|Win32.ActiveCfg = release_x64|Win32
		{4BBC990C-B058-4773-BAF1-A4F0E81BB4B0}.release_x64|Win32.Build.0 = release_x64|Win32
		{4BBC990C-B058-4773-BAF1-A4F0E81BB4B0}.release_x64|x64.ActiveCfg = release_x64|x64
		{4BBC990C-B058-4773-BAF1-A4F0E81BB4B0}.release_x64|x64.Build.0 = release_x64|x64
		{4BBC990C-B058-4773-BAF1-A4F0E81BB4B0}.Release|Win32.ActiveCfg = Release|Win32
		{4BBC990C-B058-4773-BAF1-A4F0E81BB4B0}.Release|Win32.Build.0 = Release|Win32
		{4BBC990C-B058-4773-BAF1-A4F0E81BB4B0}.Release|x64.ActiveCfg = Release|x64
		{4BBC990C-B058-4773-BAF1-A4F0E81BB4B0}.Release|x64.Build.0 = Release|x64
		{F949AC01-2509-4AF5-900A-5968977E5B55}.Debug|Win32.ActiveCfg = Debug|Win32
		{F949AC01-2509-4AF5-900A-5968977E5B55}.Debug|Win32.Build.0 = Debug|Win32
		{F949AC01-2509-4AF5-900A-5968977E5B55}.Debug|x64.ActiveCfg = Debug|x64
		{F949AC01-2509-4AF5-900A-5968977E5B55}.Debug|x64.Build.0 = Debug|x64
		{F949AC01-2509-4AF5-900A-5968977E5B55}.release_x64|Win32.ActiveCfg = release_x64|Win32
		{F949AC01-2509-4AF5-900A-5968977E5B55}.release_x64|Win32.Build.0 = release_x64|Win32
		{F949AC01-2509-4AF5-900A-5968977E5B55}.release_x64|x64.ActiveCfg = release_x64|x64
		{F949AC01-2509-4AF5-900A-5968977E5B55}.release_x64|x64.Build.0 = release_x64|x64
		{F949AC01-2509-4AF5-900A-5968977E5B55}.Release|Win32.ActiveCfg = Release|Win32
		{F949AC01-2509-4AF5-900A-5968977E5B55}.Release|Win32.Build.0 = Release|Win32
		{F949AC01-2509-4AF5-900A-5968977E5B55}.Release|x64.ActiveCfg = Release|x64
		{F949AC01-2509-4AF5-900A-5968977E5B55}.Release|x64.Build.0 = Release|x64
		{666689F2-2D01-4EA6-88A7-7E18300C15A1}.Debug|Win32.ActiveCfg = Debug|Win32
		{666689F2-2D01-4EA6-88A7-7E18300C15A1}.Debug|Win32.Build.0 = Debug|Win32
		{666689F2-2D01-4EA6-88A7-7E18300C15A1}.Debug|x64.ActiveCfg = Debug|x64
		{666689F2-2D01-4EA6-88A7-7E18300C15A1}.Debug|x64.Build.0 = Debug|x64
		{666689F2-2D01-4EA6-88A7-7E18300C15A1}.release_x64|Win32.ActiveCfg = Release|x64
		{666689F2-2D01-4EA6-88A7-7E18300C15A1}.release_x64|x64.ActiveCfg = Release|x64
		{666689F2-2D01-4EA6-88A7-7E18300C15A1}.release_x64|x64.Build.0 = Release|x64
		{666689F2-2D01-4EA6-88A7-7E18300C15A1}.Release|Win32.ActiveCfg = Release|Win32
		{666689F2-2D01-4EA6-88A7-7E18300C15A1}.Release|Win32.Build.0 = Release|Win32
		{666689F2-2D01-4EA6-88A7-7E18300C15A1}.Release|x64.ActiveCfg = Release|x64
		{666689F2-2D01-4EA6-88A7-7E18300C15A1}.Release|x64.Build.0 = Release|x64
		{0AB10C8A-6C27-480D-82AD-E555C71E7439}.Debug|Win32.ActiveCfg = Debug|Win32
		{0AB10C8A-6C27-480D-82AD-E555C71E7439}.Debug|Win32.Build.0 = Debug|Win32
		{0AB10C8A-6C27-480D-82AD-E555C71E7439}.Debug|x64.ActiveCfg = Debug|x64
		{0AB10C8A-6C27-480D-82AD-E555C71E7439}.Debug|x64.Build.0 = Debug|x64
		{0AB10C8A-6C27-480D-82AD-E555C71E7439}.release_x64|Win32.ActiveCfg = Release|x64
		{0AB10C8A-6C27-480D-82AD-E555C71E7439}.release_x64|x64.ActiveCfg = Release|x64
		{0AB10C8A-6C27-480D-82AD-E555C71E7439}.release_x64|x64.Build.0 = Release|x64
		{0AB10C8A-6C27-480D-82AD-E555C71E7439}.Release|Win32.ActiveCfg = Release|Win32
		{0AB10C8A-6C27-480D-82AD-E555C71E7439}.Release|Win32.Build.0 = Release|Win32
		{0AB10C8A-6C27-480D-82AD-E555C71E7439}.Release|x64.ActiveCfg = Release|x64
		{0AB10C8A-6C27-480D-82AD-E555C71E7439}.Release|x64.Build.0 = Release|x64
	EndGlobalSection
	GlobalSection(SolutionProperties) = preSolution
		HideSolutionNode = FALSE
	EndGlobalSection
EndGlobal
